
Microsoft Visual Studio Solution File, Format Version 12.00
# Visual Studio Version 17
VisualStudioVersion = 17.4.33122.133
MinimumVisualStudioVersion = 10.0.40219.1
Project("{FAE04EC0-301F-11D3-BF4B-00C04F79EFBC}") = "Employee_Hiring_Sys", "Employee_Hiring_Sys\Employee_Hiring_Sys.csproj", "{653ABBC4-9C12-46B0-8419-9ABD1F9EFA12}"
EndProject
Global
	GlobalSection(SolutionConfigurationPlatforms) = preSolution
		Debug|Any CPU = Debug|Any CPU
		Release|Any CPU = Release|Any CPU
	EndGlobalSection
	GlobalSection(ProjectConfigurationPlatforms) = postSolution
		{653ABBC4-9C12-46B0-8419-9ABD1F9EFA12}.Debug|Any CPU.ActiveCfg = Debug|Any CPU
		{653ABBC4-9C12-46B0-8419-9ABD1F9EFA12}.Debug|Any CPU.Build.0 = Debug|Any CPU
		{653ABBC4-9C12-46B0-8419-9ABD1F9EFA12}.Release|Any CPU.ActiveCfg = Release|Any CPU
		{653ABBC4-9C12-46B0-8419-9ABD1F9EFA12}.Release|Any CPU.Build.0 = Release|Any CPU
	EndGlobalSection
	GlobalSection(SolutionProperties) = preSolution
		HideSolutionNode = FALSE
	EndGlobalSection
	GlobalSection(ExtensibilityGlobals) = postSolution
		SolutionGuid = {9A7E3C2C-F4E1-4E58-8CD9-EED0865E77BF}
	EndGlobalSection
EndGlobal
